{
  "name": "3.2.8 (frivillig)",
  "lockfileVersion": 3,
  "requires": true,
  "packages": {
    "": {
      "dependencies": {
        "jquery": "^3.7.1",
        "jquery-mobile": "^1.5.0-alpha.1",
        "requirejs": "^2.3.7"
      }
    },
    "node_modules/jquery": {
      "version": "3.7.1",
      "resolved": "https://registry.npmjs.org/jquery/-/jquery-3.7.1.tgz",
      "integrity": "sha512-m4avr8yL8kmFN8psrbFFFmB/If14iN5o9nw/NgnnM+kybDJpRsAynV2BsfpTYrTRysYUdADVD7CkUUizgkpLfg=="
    },
    "node_modules/jquery-mobile": {
      "version": "1.5.0-alpha.1",
      "resolved": "https://registry.npmjs.org/jquery-mobile/-/jquery-mobile-1.5.0-alpha.1.tgz",
      "integrity": "sha512-EeXqKsxETGT7aZmf+iV3mb8D70Cg9MTGzf59Z8m/ItH1ne6yAlfTXGXvkQiO3i6asua/F6jJj1W2/RT2Ka7etg==",
      "dependencies": {
        "jquery": ">=1.8.3"
      },
      "engines": {
        "node": ">= 0.8.0"
      }
    },
    "node_modules/requirejs": {
      "version": "2.3.7",
      "resolved": "https://registry.npmjs.org/requirejs/-/requirejs-2.3.7.tgz",
      "integrity": "sha512-DouTG8T1WanGok6Qjg2SXuCMzszOo0eHeH9hDZ5Y4x8Je+9JB38HdTLT4/VA8OaUhBa0JPVHJ0pyBkM1z+pDsw==",
      "bin": {
        "r_js": "bin/r.js",
        "r.js": "bin/r.js"
      },
      "engines": {
        "node": ">=0.4.0"
      }
    }
  }
}
